<?xml version="1.0" encoding="utf-8"?>
<Project ToolsVersion="4.0" xmlns="http://schemas.microsoft.com/developer/msbuild/2003">
  <ItemGroup>
    <Filter Include="소스 파일">
      <UniqueIdentifier>{4FC737F1-C7A5-4376-A066-2A32D752A2FF}</UniqueIdentifier>
      <Extensions>cpp;c;cc;cxx;c++;cppm;ixx;def;odl;idl;hpj;bat;asm;asmx</Extensions>
    </Filter>
    <Filter Include="헤더 파일">
      <UniqueIdentifier>{93995380-89BD-4b04-88EB-625FBE52EBFB}</UniqueIdentifier>
      <Extensions>h;hh;hpp;hxx;h++;hm;inl;inc;ipp;xsd</Extensions>
    </Filter>
    <Filter Include="리소스 파일">
      <UniqueIdentifier>{67DA6AB6-F800-4c08-8B7A-83BB121AAD01}</UniqueIdentifier>
      <Extensions>rc;ico;cur;bmp;dlg;rc2;rct;bin;rgs;gif;jpg;jpeg;jpe;resx;tiff;tif;png;wav;mfcribbon-ms</Extensions>
    </Filter>
    <Filter Include="serial">
      <UniqueIdentifier>{9f066d42-c767-48c0-97b8-fd695b90ea94}</UniqueIdentifier>
    </Filter>
    <Filter Include="json">
      <UniqueIdentifier>{fa01f86f-73dd-4ac3-9b50-0bf9a2a24d0b}</UniqueIdentifier>
    </Filter>
    <Filter Include="json\include">
      <UniqueIdentifier>{b18a1aa2-7aaf-45b7-9791-d0e9a8c07358}</UniqueIdentifier>
    </Filter>
    <Filter Include="CGridListCtrlEx">
      <UniqueIdentifier>{a97a790a-49c5-4cf2-ad89-a55f89db05a6}</UniqueIdentifier>
    </Filter>
  </ItemGroup>
  <ItemGroup>
    <ClInclude Include="gppc.h">
      <Filter>헤더 파일</Filter>
    </ClInclude>
    <ClInclude Include="gppcDlg.h">
      <Filter>헤더 파일</Filter>
    </ClInclude>
    <ClInclude Include="framework.h">
      <Filter>헤더 파일</Filter>
    </ClInclude>
    <ClInclude Include="targetver.h">
      <Filter>헤더 파일</Filter>
    </ClInclude>
    <ClInclude Include="Resource.h">
      <Filter>헤더 파일</Filter>
    </ClInclude>
    <ClInclude Include="pch.h">
      <Filter>헤더 파일</Filter>
    </ClInclude>
    <ClInclude Include="serial\CSerial.h">
      <Filter>serial</Filter>
    </ClInclude>
    <ClInclude Include="json\json_tool.h">
      <Filter>json</Filter>
    </ClInclude>
    <ClInclude Include="json\include\allocator.h">
      <Filter>json\include</Filter>
    </ClInclude>
    <ClInclude Include="json\include\assertions.h">
      <Filter>json\include</Filter>
    </ClInclude>
    <ClInclude Include="json\include\config.h">
      <Filter>json\include</Filter>
    </ClInclude>
    <ClInclude Include="json\include\forwards.h">
      <Filter>json\include</Filter>
    </ClInclude>
    <ClInclude Include="json\include\json.h">
      <Filter>json\include</Filter>
    </ClInclude>
    <ClInclude Include="json\include\json_features.h">
      <Filter>json\include</Filter>
    </ClInclude>
    <ClInclude Include="json\include\reader.h">
      <Filter>json\include</Filter>
    </ClInclude>
    <ClInclude Include="json\include\value.h">
      <Filter>json\include</Filter>
    </ClInclude>
    <ClInclude Include="json\include\version.h">
      <Filter>json\include</Filter>
    </ClInclude>
    <ClInclude Include="json\include\writer.h">
      <Filter>json\include</Filter>
    </ClInclude>
    <ClInclude Include="CGridListCtrlEx\CGridColumnTrait.h">
      <Filter>CGridListCtrlEx</Filter>
    </ClInclude>
    <ClInclude Include="CGridListCtrlEx\CGridColumnTraitCombo.h">
      <Filter>CGridListCtrlEx</Filter>
    </ClInclude>
    <ClInclude Include="CGridListCtrlEx\CGridColumnTraitDateTime.h">
      <Filter>CGridListCtrlEx</Filter>
    </ClInclude>
    <ClInclude Include="CGridListCtrlEx\CGridColumnTraitEdit.h">
      <Filter>CGridListCtrlEx</Filter>
    </ClInclude>
    <ClInclude Include="CGridListCtrlEx\CGridColumnTraitHyperLink.h">
      <Filter>CGridListCtrlEx</Filter>
    </ClInclude>
    <ClInclude Include="CGridListCtrlEx\CGridColumnTraitImage.h">
      <Filter>CGridListCtrlEx</Filter>
    </ClInclude>
    <ClInclude Include="CGridListCtrlEx\CGridColumnTraitMultilineEdit.h">
      <Filter>CGridListCtrlEx</Filter>
    </ClInclude>
    <ClInclude Include="CGridListCtrlEx\CGridColumnTraitText.h">
      <Filter>CGridListCtrlEx</Filter>
    </ClInclude>
    <ClInclude Include="CGridListCtrlEx\CGridColumnTraitVisitor.h">
      <Filter>CGridListCtrlEx</Filter>
    </ClInclude>
    <ClInclude Include="CGridListCtrlEx\CGridListCtrlEx.h">
      <Filter>CGridListCtrlEx</Filter>
    </ClInclude>
    <ClInclude Include="CGridListCtrlEx\CGridListCtrlGroups.h">
      <Filter>CGridListCtrlEx</Filter>
    </ClInclude>
    <ClInclude Include="CGridListCtrlEx\CGridRowTrait.h">
      <Filter>CGridListCtrlEx</Filter>
    </ClInclude>
    <ClInclude Include="CGridListCtrlEx\CGridRowTraitText.h">
      <Filter>CGridListCtrlEx</Filter>
    </ClInclude>
    <ClInclude Include="CGridListCtrlEx\CGridRowTraitVisitor.h">
      <Filter>CGridListCtrlEx</Filter>
    </ClInclude>
    <ClInclude Include="CGridListCtrlEx\CGridRowTraitXP.h">
      <Filter>CGridListCtrlEx</Filter>
    </ClInclude>
    <ClInclude Include="CGridListCtrlEx\ViewConfigSection.h">
      <Filter>CGridListCtrlEx</Filter>
    </ClInclude>
    <ClInclude Include="IniConfig.h">
      <Filter>헤더 파일</Filter>
    </ClInclude>
    <ClInclude Include="CSV.h">
      <Filter>헤더 파일</Filter>
    </ClInclude>
    <ClInclude Include="Loadcell.h">
      <Filter>헤더 파일</Filter>
    </ClInclude>
    <ClInclude Include="PowerController.h">
      <Filter>헤더 파일</Filter>
    </ClInclude>
    <ClInclude Include="ZDongle.h">
      <Filter>헤더 파일</Filter>
    </ClInclude>
    <ClInclude Include="StepInfo.h">
      <Filter>헤더 파일</Filter>
    </ClInclude>
    <ClInclude Include="CommandModel.h">
      <Filter>헤더 파일</Filter>
    </ClInclude>
    <ClInclude Include="UDP_HallSensor.h">
      <Filter>헤더 파일</Filter>
    </ClInclude>
    <ClInclude Include="UDP_Analyzer.h">
      <Filter>헤더 파일</Filter>
    </ClInclude>
  </ItemGroup>
  <ItemGroup>
    <ClCompile Include="gppc.cpp">
      <Filter>소스 파일</Filter>
    </ClCompile>
    <ClCompile Include="gppcDlg.cpp">
      <Filter>소스 파일</Filter>
    </ClCompile>
    <ClCompile Include="pch.cpp">
      <Filter>소스 파일</Filter>
    </ClCompile>
    <ClCompile Include="serial\CSerial.cpp">
      <Filter>serial</Filter>
    </ClCompile>
    <ClCompile Include="json\json_reader.cpp">
      <Filter>json</Filter>
    </ClCompile>
    <ClCompile Include="json\json_value.cpp">
      <Filter>json</Filter>
    </ClCompile>
    <ClCompile Include="json\json_writer.cpp">
      <Filter>json</Filter>
    </ClCompile>
    <ClCompile Include="CGridListCtrlEx\CGridColumnTraitCombo.cpp">
      <Filter>CGridListCtrlEx</Filter>
    </ClCompile>
    <ClCompile Include="CGridListCtrlEx\CGridColumnTraitDateTime.cpp">
      <Filter>CGridListCtrlEx</Filter>
    </ClCompile>
    <ClCompile Include="CGridListCtrlEx\CGridColumnTraitEdit.cpp">
      <Filter>CGridListCtrlEx</Filter>
    </ClCompile>
    <ClCompile Include="CGridListCtrlEx\CGridColumnTraitHyperLink.cpp">
      <Filter>CGridListCtrlEx</Filter>
    </ClCompile>
    <ClCompile Include="CGridListCtrlEx\CGridColumnTraitImage.cpp">
      <Filter>CGridListCtrlEx</Filter>
    </ClCompile>
    <ClCompile Include="CGridListCtrlEx\CGridColumnTraitMultilineEdit.cpp">
      <Filter>CGridListCtrlEx</Filter>
    </ClCompile>
    <ClCompile Include="CGridListCtrlEx\CGridColumnTraitText.cpp">
      <Filter>CGridListCtrlEx</Filter>
    </ClCompile>
    <ClCompile Include="CGridListCtrlEx\CGridListCtrlEx.cpp">
      <Filter>CGridListCtrlEx</Filter>
    </ClCompile>
    <ClCompile Include="CGridListCtrlEx\CGridListCtrlGroups.cpp">
      <Filter>CGridListCtrlEx</Filter>
    </ClCompile>
    <ClCompile Include="CGridListCtrlEx\CGridRowTraitText.cpp">
      <Filter>CGridListCtrlEx</Filter>
    </ClCompile>
    <ClCompile Include="CGridListCtrlEx\CGridRowTraitXP.cpp">
      <Filter>CGridListCtrlEx</Filter>
    </ClCompile>
    <ClCompile Include="CGridListCtrlEx\ViewConfigSection.cpp">
      <Filter>CGridListCtrlEx</Filter>
    </ClCompile>
    <ClCompile Include="IniConfig.cpp">
      <Filter>소스 파일</Filter>
    </ClCompile>
    <ClCompile Include="CSV.cpp">
      <Filter>소스 파일</Filter>
    </ClCompile>
    <ClCompile Include="Loadcell.cpp">
      <Filter>소스 파일</Filter>
    </ClCompile>
    <ClCompile Include="PowerController.cpp">
      <Filter>소스 파일</Filter>
    </ClCompile>
    <ClCompile Include="ZDongle.cpp">
      <Filter>소스 파일</Filter>
    </ClCompile>
    <ClCompile Include="StepInfo.cpp">
      <Filter>소스 파일</Filter>
    </ClCompile>
    <ClCompile Include="CommandModel.cpp">
      <Filter>소스 파일</Filter>
    </ClCompile>
    <ClCompile Include="UDP_HallSensor.cpp">
      <Filter>소스 파일</Filter>
    </ClCompile>
    <ClCompile Include="UDP_Analyzer.cpp">
      <Filter>소스 파일</Filter>
    </ClCompile>
  </ItemGroup>
  <ItemGroup>
    <ResourceCompile Include="gppc.rc">
      <Filter>리소스 파일</Filter>
    </ResourceCompile>
  </ItemGroup>
  <ItemGroup>
    <None Include="res\gppc.rc2">
      <Filter>리소스 파일</Filter>
    </None>
    <None Include="json\json_valueiterator.inl">
      <Filter>json</Filter>
    </None>
  </ItemGroup>
  <ItemGroup>
    <Image Include="res\gppc.ico">
      <Filter>리소스 파일</Filter>
    </Image>
  </ItemGroup>
</Project>